
Microsoft Visual Studio Solution File, Format Version 12.00
# Visual Studio 15
VisualStudioVersion = 15.0.28307.1231
MinimumVisualStudioVersion = 10.0.40219.1
Project("{FAE04EC0-301F-11D3-BF4B-00C04F79EFBC}") = "BeunKantin.WindowsFormUI", "BeunKantin.WindowsFormUI\BeunKantin.WindowsFormUI.csproj", "{A3B56A50-EAF4-4FD0-8D2C-511BB0292587}"
EndProject
Project("{FAE04EC0-301F-11D3-BF4B-00C04F79EFBC}") = "BeunKantin.Entities", "BeunKantin.Entities\BeunKantin.Entities.csproj", "{4B62DB51-D702-44E6-BF49-7FEA5A4F21EF}"
EndProject
Project("{FAE04EC0-301F-11D3-BF4B-00C04F79EFBC}") = "BeunKantin.DataAccess", "BeunKantin.DataAccess\BeunKantin.DataAccess.csproj", "{EEAAB710-F9C8-47AF-A17F-E036B3DAF00B}"
EndProject
Project("{FAE04EC0-301F-11D3-BF4B-00C04F79EFBC}") = "BeunKantin.Business", "BeunKantin.Business\BeunKantin.Business.csproj", "{21CA62BA-E75A-4FFC-960D-EED7FEBA546F}"
EndProject
Global
	GlobalSection(SolutionConfigurationPlatforms) = preSolution
		Debug|Any CPU = Debug|Any CPU
		Release|Any CPU = Release|Any CPU
	EndGlobalSection
	GlobalSection(ProjectConfigurationPlatforms) = postSolution
		{A3B56A50-EAF4-4FD0-8D2C-511BB0292587}.Debug|Any CPU.ActiveCfg = Debug|Any CPU
		{A3B56A50-EAF4-4FD0-8D2C-511BB0292587}.Debug|Any CPU.Build.0 = Debug|Any CPU
		{A3B56A50-EAF4-4FD0-8D2C-511BB0292587}.Release|Any CPU.ActiveCfg = Release|Any CPU
		{A3B56A50-EAF4-4FD0-8D2C-511BB0292587}.Release|Any CPU.Build.0 = Release|Any CPU
		{4B62DB51-D702-44E6-BF49-7FEA5A4F21EF}.Debug|Any CPU.ActiveCfg = Debug|Any CPU
		{4B62DB51-D702-44E6-BF49-7FEA5A4F21EF}.Debug|Any CPU.Build.0 = Debug|Any CPU
		{4B62DB51-D702-44E6-BF49-7FEA5A4F21EF}.Release|Any CPU.ActiveCfg = Release|Any CPU
		{4B62DB51-D702-44E6-BF49-7FEA5A4F21EF}.Release|Any CPU.Build.0 = Release|Any CPU
		{EEAAB710-F9C8-47AF-A17F-E036B3DAF00B}.Debug|Any CPU.ActiveCfg = Debug|Any CPU
		{EEAAB710-F9C8-47AF-A17F-E036B3DAF00B}.Debug|Any CPU.Build.0 = Debug|Any CPU
		{EEAAB710-F9C8-47AF-A17F-E036B3DAF00B}.Release|Any CPU.ActiveCfg = Release|Any CPU
		{EEAAB710-F9C8-47AF-A17F-E036B3DAF00B}.Release|Any CPU.Build.0 = Release|Any CPU
		{21CA62BA-E75A-4FFC-960D-EED7FEBA546F}.Debug|Any CPU.ActiveCfg = Debug|Any CPU
		{21CA62BA-E75A-4FFC-960D-EED7FEBA546F}.Debug|Any CPU.Build.0 = Debug|Any CPU
		{21CA62BA-E75A-4FFC-960D-EED7FEBA546F}.Release|Any CPU.ActiveCfg = Release|Any CPU
		{21CA62BA-E75A-4FFC-960D-EED7FEBA546F}.Release|Any CPU.Build.0 = Release|Any CPU
	EndGlobalSection
	GlobalSection(SolutionProperties) = preSolution
		HideSolutionNode = FALSE
	EndGlobalSection
	GlobalSection(ExtensibilityGlobals) = postSolution
		SolutionGuid = {E07D3240-D10B-4710-91EC-B95166BDC41D}
	EndGlobalSection
EndGlobal
